
Microsoft Visual Studio Solution File, Format Version 12.00
# Visual Studio Version 17
VisualStudioVersion = 17.13.35818.85 d17.13
MinimumVisualStudioVersion = 10.0.40219.1
Project("{FAE04EC0-301F-11D3-BF4B-00C04F79EFBC}") = "Axpo.PowerPositionExtraction.ConsoleApp", "Axpo.PowerPositionExtraction.ConsoleApp\Axpo.PowerPositionExtraction.ConsoleApp.csproj", "{A7DD280A-3AF2-40F8-B9D0-B403D7748799}"
EndProject
Project("{FAE04EC0-301F-11D3-BF4B-00C04F79EFBC}") = "Axpo.PowerPositionExtraction.ConsoleApp.UnitTests", "Axpo.PowerPositionExtraction.ConsoleApp.UnitTests\Axpo.PowerPositionExtraction.ConsoleApp.UnitTests.csproj", "{8568341F-896E-4EE5-9442-B2F9EFD2A3EB}"
EndProject
Global
	GlobalSection(SolutionConfigurationPlatforms) = preSolution
		Debug|Any CPU = Debug|Any CPU
		Release|Any CPU = Release|Any CPU
	EndGlobalSection
	GlobalSection(ProjectConfigurationPlatforms) = postSolution
		{A7DD280A-3AF2-40F8-B9D0-B403D7748799}.Debug|Any CPU.ActiveCfg = Debug|Any CPU
		{A7DD280A-3AF2-40F8-B9D0-B403D7748799}.Debug|Any CPU.Build.0 = Debug|Any CPU
		{A7DD280A-3AF2-40F8-B9D0-B403D7748799}.Release|Any CPU.ActiveCfg = Release|Any CPU
		{A7DD280A-3AF2-40F8-B9D0-B403D7748799}.Release|Any CPU.Build.0 = Release|Any CPU
		{8568341F-896E-4EE5-9442-B2F9EFD2A3EB}.Debug|Any CPU.ActiveCfg = Debug|Any CPU
		{8568341F-896E-4EE5-9442-B2F9EFD2A3EB}.Debug|Any CPU.Build.0 = Debug|Any CPU
		{8568341F-896E-4EE5-9442-B2F9EFD2A3EB}.Release|Any CPU.ActiveCfg = Release|Any CPU
		{8568341F-896E-4EE5-9442-B2F9EFD2A3EB}.Release|Any CPU.Build.0 = Release|Any CPU
	EndGlobalSection
	GlobalSection(SolutionProperties) = preSolution
		HideSolutionNode = FALSE
	EndGlobalSection
	GlobalSection(ExtensibilityGlobals) = postSolution
		SolutionGuid = {DA920B79-FCB9-4B83-ACA5-6D772B548955}
	EndGlobalSection
EndGlobal
